
Microsoft Visual Studio Solution File, Format Version 12.00
# Visual Studio Version 16
VisualStudioVersion = 16.0.31515.178
MinimumVisualStudioVersion = 10.0.40219.1
Project("{8BC9CEB8-8B4A-11D0-8D11-00A0C91BC942}") = "LibrarySystem", "LibrarySystem.vcxproj", "{59043983-AC84-4EC2-8B50-A4DB86B6F873}"
EndProject
Global
	GlobalSection(SolutionConfigurationPlatforms) = preSolution
		Debug|x64 = Debug|x64
		Debug|x86 = Debug|x86
		Release|x64 = Release|x64
		Release|x86 = Release|x86
	EndGlobalSection
	GlobalSection(ProjectConfigurationPlatforms) = postSolution
		{59043983-AC84-4EC2-8B50-A4DB86B6F873}.Debug|x64.ActiveCfg = Debug|x64
		{59043983-AC84-4EC2-8B50-A4DB86B6F873}.Debug|x64.Build.0 = Debug|x64
		{59043983-AC84-4EC2-8B50-A4DB86B6F873}.Debug|x86.ActiveCfg = Debug|Win32
		{59043983-AC84-4EC2-8B50-A4DB86B6F873}.Debug|x86.Build.0 = Debug|Win32
		{59043983-AC84-4EC2-8B50-A4DB86B6F873}.Release|x64.ActiveCfg = Release|x64
		{59043983-AC84-4EC2-8B50-A4DB86B6F873}.Release|x64.Build.0 = Release|x64
		{59043983-AC84-4EC2-8B50-A4DB86B6F873}.Release|x86.ActiveCfg = Release|Win32
		{59043983-AC84-4EC2-8B50-A4DB86B6F873}.Release|x86.Build.0 = Release|Win32
	EndGlobalSection
	GlobalSection(SolutionProperties) = preSolution
		HideSolutionNode = FALSE
	EndGlobalSection
	GlobalSection(ExtensibilityGlobals) = postSolution
		SolutionGuid = {5A8E9ED4-9172-4D94-AA9F-5DC2666A7B04}
	EndGlobalSection
EndGlobal
